
Microsoft Visual Studio Solution File, Format Version 12.00
# Visual Studio Version 16
VisualStudioVersion = 16.0.30621.155
MinimumVisualStudioVersion = 10.0.40219.1
Project("{FAE04EC0-301F-11D3-BF4B-00C04F79EFBC}") = "CustomComparerHashSet", "CustomComparerHashSet\CustomComparerHashSet.csproj", "{66C2E2F0-C348-4833-A5A6-EE46B6EB757E}"
EndProject
Global
	GlobalSection(SolutionConfigurationPlatforms) = preSolution
		Debug|Any CPU = Debug|Any CPU
		Debug|x64 = Debug|x64
		Release|Any CPU = Release|Any CPU
		Release|x64 = Release|x64
	EndGlobalSection
	GlobalSection(ProjectConfigurationPlatforms) = postSolution
		{66C2E2F0-C348-4833-A5A6-EE46B6EB757E}.Debug|Any CPU.ActiveCfg = Debug|Any CPU
		{66C2E2F0-C348-4833-A5A6-EE46B6EB757E}.Debug|Any CPU.Build.0 = Debug|Any CPU
		{66C2E2F0-C348-4833-A5A6-EE46B6EB757E}.Debug|x64.ActiveCfg = Debug|x64
		{66C2E2F0-C348-4833-A5A6-EE46B6EB757E}.Debug|x64.Build.0 = Debug|x64
		{66C2E2F0-C348-4833-A5A6-EE46B6EB757E}.Release|Any CPU.ActiveCfg = Release|Any CPU
		{66C2E2F0-C348-4833-A5A6-EE46B6EB757E}.Release|Any CPU.Build.0 = Release|Any CPU
		{66C2E2F0-C348-4833-A5A6-EE46B6EB757E}.Release|x64.ActiveCfg = Release|x64
		{66C2E2F0-C348-4833-A5A6-EE46B6EB757E}.Release|x64.Build.0 = Release|x64
	EndGlobalSection
	GlobalSection(SolutionProperties) = preSolution
		HideSolutionNode = FALSE
	EndGlobalSection
	GlobalSection(ExtensibilityGlobals) = postSolution
		SolutionGuid = {3B944937-E60F-48C0-91AE-5E12955750E0}
	EndGlobalSection
EndGlobal
