
Microsoft Visual Studio Solution File, Format Version 12.00
# Visual Studio Version 16
VisualStudioVersion = 16.0.30621.155
MinimumVisualStudioVersion = 10.0.40219.1
Project("{9A19103F-16F7-4668-BE54-9A1E7A4F7556}") = "CustomComparerHashSet", "CustomComparerHashSet\CustomComparerHashSet.csproj", "{66C2E2F0-C348-4833-A5A6-EE46B6EB757E}"
EndProject
Project("{9A19103F-16F7-4668-BE54-9A1E7A4F7556}") = "XMLCreator", "XMLCreater\XMLCreator.csproj", "{6E2CDCC9-17D6-43E8-9212-6F48024D1B8C}"
EndProject
Project("{9A19103F-16F7-4668-BE54-9A1E7A4F7556}") = "RESTClient", "RESTClient\RESTClient.csproj", "{F1D143F6-DA58-420F-A18C-D69E6810DB46}"
EndProject
Project("{FAE04EC0-301F-11D3-BF4B-00C04F79EFBC}") = "GeoTrie", "GeoTrie\GeoTrie.csproj", "{D06FB404-D477-4424-9D98-0150EAA80719}"
EndProject
Global
	GlobalSection(SolutionConfigurationPlatforms) = preSolution
		Debug|Any CPU = Debug|Any CPU
		Debug|x64 = Debug|x64
		Release|Any CPU = Release|Any CPU
		Release|x64 = Release|x64
	EndGlobalSection
	GlobalSection(ProjectConfigurationPlatforms) = postSolution
		{66C2E2F0-C348-4833-A5A6-EE46B6EB757E}.Debug|Any CPU.ActiveCfg = Debug|Any CPU
		{66C2E2F0-C348-4833-A5A6-EE46B6EB757E}.Debug|Any CPU.Build.0 = Debug|Any CPU
		{66C2E2F0-C348-4833-A5A6-EE46B6EB757E}.Debug|x64.ActiveCfg = Debug|x64
		{66C2E2F0-C348-4833-A5A6-EE46B6EB757E}.Debug|x64.Build.0 = Debug|x64
		{66C2E2F0-C348-4833-A5A6-EE46B6EB757E}.Release|Any CPU.ActiveCfg = Release|Any CPU
		{66C2E2F0-C348-4833-A5A6-EE46B6EB757E}.Release|Any CPU.Build.0 = Release|Any CPU
		{66C2E2F0-C348-4833-A5A6-EE46B6EB757E}.Release|x64.ActiveCfg = Release|x64
		{66C2E2F0-C348-4833-A5A6-EE46B6EB757E}.Release|x64.Build.0 = Release|x64
		{6E2CDCC9-17D6-43E8-9212-6F48024D1B8C}.Debug|Any CPU.ActiveCfg = Debug|Any CPU
		{6E2CDCC9-17D6-43E8-9212-6F48024D1B8C}.Debug|Any CPU.Build.0 = Debug|Any CPU
		{6E2CDCC9-17D6-43E8-9212-6F48024D1B8C}.Debug|x64.ActiveCfg = Debug|Any CPU
		{6E2CDCC9-17D6-43E8-9212-6F48024D1B8C}.Debug|x64.Build.0 = Debug|Any CPU
		{6E2CDCC9-17D6-43E8-9212-6F48024D1B8C}.Release|Any CPU.ActiveCfg = Release|Any CPU
		{6E2CDCC9-17D6-43E8-9212-6F48024D1B8C}.Release|Any CPU.Build.0 = Release|Any CPU
		{6E2CDCC9-17D6-43E8-9212-6F48024D1B8C}.Release|x64.ActiveCfg = Release|Any CPU
		{6E2CDCC9-17D6-43E8-9212-6F48024D1B8C}.Release|x64.Build.0 = Release|Any CPU
		{F1D143F6-DA58-420F-A18C-D69E6810DB46}.Debug|Any CPU.ActiveCfg = Debug|Any CPU
		{F1D143F6-DA58-420F-A18C-D69E6810DB46}.Debug|Any CPU.Build.0 = Debug|Any CPU
		{F1D143F6-DA58-420F-A18C-D69E6810DB46}.Debug|x64.ActiveCfg = Debug|Any CPU
		{F1D143F6-DA58-420F-A18C-D69E6810DB46}.Debug|x64.Build.0 = Debug|Any CPU
		{F1D143F6-DA58-420F-A18C-D69E6810DB46}.Release|Any CPU.ActiveCfg = Release|Any CPU
		{F1D143F6-DA58-420F-A18C-D69E6810DB46}.Release|Any CPU.Build.0 = Release|Any CPU
		{F1D143F6-DA58-420F-A18C-D69E6810DB46}.Release|x64.ActiveCfg = Release|Any CPU
		{F1D143F6-DA58-420F-A18C-D69E6810DB46}.Release|x64.Build.0 = Release|Any CPU
		{D06FB404-D477-4424-9D98-0150EAA80719}.Debug|Any CPU.ActiveCfg = Debug|Any CPU
		{D06FB404-D477-4424-9D98-0150EAA80719}.Debug|Any CPU.Build.0 = Debug|Any CPU
		{D06FB404-D477-4424-9D98-0150EAA80719}.Debug|x64.ActiveCfg = Debug|Any CPU
		{D06FB404-D477-4424-9D98-0150EAA80719}.Debug|x64.Build.0 = Debug|Any CPU
		{D06FB404-D477-4424-9D98-0150EAA80719}.Release|Any CPU.ActiveCfg = Release|Any CPU
		{D06FB404-D477-4424-9D98-0150EAA80719}.Release|Any CPU.Build.0 = Release|Any CPU
		{D06FB404-D477-4424-9D98-0150EAA80719}.Release|x64.ActiveCfg = Release|Any CPU
		{D06FB404-D477-4424-9D98-0150EAA80719}.Release|x64.Build.0 = Release|Any CPU
	EndGlobalSection
	GlobalSection(SolutionProperties) = preSolution
		HideSolutionNode = FALSE
	EndGlobalSection
	GlobalSection(ExtensibilityGlobals) = postSolution
		SolutionGuid = {3B944937-E60F-48C0-91AE-5E12955750E0}
	EndGlobalSection
EndGlobal
